{
  "version": 4,
  "terraform_version": "0.12.13",
  "serial": 10,
  "lineage": "da074bce-4c84-ad99-2be6-c3ac53b89dad",
  "outputs": {
    "servers_public_ip": {
      "value": "3.83.102.179,3.223.6.118",
      "type": "string"
    }
  },
  "resources": [
    {
      "mode": "data",
      "type": "aws_ami",
      "name": "ubuntu",
      "provider": "provider.aws",
      "instances": [
        {
          "schema_version": 0,
          "attributes": {
            "architecture": "x86_64",
            "block_device_mappings": [
              {
                "device_name": "/dev/sda1",
                "ebs": {
                  "delete_on_termination": "true",
                  "encrypted": "false",
                  "iops": "0",
                  "snapshot_id": "snap-0f70c3b7343376ea2",
                  "volume_size": "8",
                  "volume_type": "gp2"
                },
                "no_device": "",
                "virtual_name": ""
              },
              {
                "device_name": "/dev/sdb",
                "ebs": {},
                "no_device": "",
                "virtual_name": "ephemeral0"
              },
              {
                "device_name": "/dev/sdc",
                "ebs": {},
                "no_device": "",
                "virtual_name": "ephemeral1"
              }
            ],
            "creation_date": "2020-04-09T16:44:13.000Z",
            "description": "Canonical, Ubuntu, 18.04 LTS, amd64 bionic image build on 2020-04-08",
            "executable_users": null,
            "filter": [
              {
                "name": "name",
                "values": [
                  "ubuntu/images/hvm-ssd/ubuntu-bionic-18.04-amd64-server-*"
                ]
              },
              {
                "name": "virtualization-type",
                "values": [
                  "hvm"
                ]
              }
            ],
            "hypervisor": "xen",
            "id": "ami-085925f297f89fce1",
            "image_id": "ami-085925f297f89fce1",
            "image_location": "099720109477/ubuntu/images/hvm-ssd/ubuntu-bionic-18.04-amd64-server-20200408",
            "image_owner_alias": null,
            "image_type": "machine",
            "kernel_id": null,
            "most_recent": true,
            "name": "ubuntu/images/hvm-ssd/ubuntu-bionic-18.04-amd64-server-20200408",
            "name_regex": null,
            "owner_id": "099720109477",
            "owners": [
              "099720109477"
            ],
            "platform": null,
            "product_codes": [],
            "public": true,
            "ramdisk_id": null,
            "root_device_name": "/dev/sda1",
            "root_device_type": "ebs",
            "root_snapshot_id": "snap-0f70c3b7343376ea2",
            "sriov_net_support": "simple",
            "state": "available",
            "state_reason": {
              "code": "UNSET",
              "message": "UNSET"
            },
            "tags": {},
            "virtualization_type": "hvm"
          }
        }
      ]
    },
    {
      "mode": "data",
      "type": "aws_subnet_ids",
      "name": "subnets",
      "provider": "provider.aws",
      "instances": [
        {
          "schema_version": 0,
          "attributes": {
            "filter": null,
            "id": "vpc-876ddde1",
            "ids": [
              "subnet-02535c0647e75d2ff",
              "subnet-27b53d42",
              "subnet-77523f2c",
              "subnet-af11ad93",
              "subnet-b764d9bb",
              "subnet-c20b2e8b",
              "subnet-d5c7b3f8"
            ],
            "tags": null,
            "vpc_id": "vpc-876ddde1"
          }
        }
      ]
    },
    {
      "mode": "managed",
      "type": "aws_instance",
      "name": "core_dns",
      "each": "list",
      "provider": "provider.aws",
      "instances": [
        {
          "index_key": 0,
          "schema_version": 1,
          "attributes": {
            "ami": "ami-085925f297f89fce1",
            "arn": "arn:aws:ec2:us-east-1:031034181336:instance/i-0d00e07a6cd349240",
            "associate_public_ip_address": true,
            "availability_zone": "us-east-1a",
            "cpu_core_count": 1,
            "cpu_threads_per_core": 1,
            "credit_specification": [
              {
                "cpu_credits": "standard"
              }
            ],
            "disable_api_termination": false,
            "ebs_block_device": [],
            "ebs_optimized": false,
            "ephemeral_block_device": [],
            "get_password_data": false,
            "hibernation": false,
            "host_id": null,
            "iam_instance_profile": "",
            "id": "i-0d00e07a6cd349240",
            "instance_initiated_shutdown_behavior": null,
            "instance_state": "running",
            "instance_type": "t2.micro",
            "ipv6_address_count": 0,
            "ipv6_addresses": [],
            "key_name": "coredns_key",
            "metadata_options": [
              {
                "http_endpoint": "enabled",
                "http_put_response_hop_limit": 1,
                "http_tokens": "optional"
              }
            ],
            "monitoring": false,
            "network_interface": [],
            "network_interface_id": null,
            "password_data": "",
            "placement_group": "",
            "primary_network_interface_id": "eni-031a8d55f5d169445",
            "private_dns": "ip-172-31-96-225.ec2.internal",
            "private_ip": "172.31.96.225",
            "public_dns": "ec2-3-83-102-179.compute-1.amazonaws.com",
            "public_ip": "3.83.102.179",
            "root_block_device": [
              {
                "delete_on_termination": true,
                "encrypted": false,
                "iops": 100,
                "kms_key_id": "",
                "volume_id": "vol-08cbb42af94af8f73",
                "volume_size": 8,
                "volume_type": "gp2"
              }
            ],
            "security_groups": [
              "coredns_sg"
            ],
            "source_dest_check": true,
            "subnet_id": "subnet-02535c0647e75d2ff",
            "tags": {
              "Name": "coredns-0",
              "Owner": "DNS-Class"
            },
            "tenancy": "default",
            "timeouts": null,
            "user_data": null,
            "user_data_base64": null,
            "volume_tags": {},
            "vpc_security_group_ids": [
              "sg-011d64481826350b4"
            ]
          },
          "private": "eyJlMmJmYjczMC1lY2FhLTExZTYtOGY4OC0zNDM2M2JjN2M0YzAiOnsiY3JlYXRlIjo2MDAwMDAwMDAwMDAsImRlbGV0ZSI6MTIwMDAwMDAwMDAwMCwidXBkYXRlIjo2MDAwMDAwMDAwMDB9LCJzY2hlbWFfdmVyc2lvbiI6IjEifQ==",
          "depends_on": [
            "aws_key_pair.coredns_key",
            "aws_security_group.coredns_sg",
            "data.aws_ami.ubuntu",
            "data.aws_subnet_ids.subnets",
            "tls_private_key.coredns_key"
          ]
        },
        {
          "index_key": 1,
          "schema_version": 1,
          "attributes": {
            "ami": "ami-085925f297f89fce1",
            "arn": "arn:aws:ec2:us-east-1:031034181336:instance/i-003b60343abb0ebee",
            "associate_public_ip_address": true,
            "availability_zone": "us-east-1d",
            "cpu_core_count": 1,
            "cpu_threads_per_core": 1,
            "credit_specification": [
              {
                "cpu_credits": "standard"
              }
            ],
            "disable_api_termination": false,
            "ebs_block_device": [],
            "ebs_optimized": false,
            "ephemeral_block_device": [],
            "get_password_data": false,
            "hibernation": false,
            "host_id": null,
            "iam_instance_profile": "",
            "id": "i-003b60343abb0ebee",
            "instance_initiated_shutdown_behavior": null,
            "instance_state": "running",
            "instance_type": "t2.micro",
            "ipv6_address_count": 0,
            "ipv6_addresses": [],
            "key_name": "coredns_key",
            "metadata_options": [
              {
                "http_endpoint": "enabled",
                "http_put_response_hop_limit": 1,
                "http_tokens": "optional"
              }
            ],
            "monitoring": false,
            "network_interface": [],
            "network_interface_id": null,
            "password_data": "",
            "placement_group": "",
            "primary_network_interface_id": "eni-05faa7f40afc4fa49",
            "private_dns": "ip-172-31-68-20.ec2.internal",
            "private_ip": "172.31.68.20",
            "public_dns": "ec2-3-223-6-118.compute-1.amazonaws.com",
            "public_ip": "3.223.6.118",
            "root_block_device": [
              {
                "delete_on_termination": true,
                "encrypted": false,
                "iops": 100,
                "kms_key_id": "",
                "volume_id": "vol-0f7cc0da379edb324",
                "volume_size": 8,
                "volume_type": "gp2"
              }
            ],
            "security_groups": [
              "coredns_sg"
            ],
            "source_dest_check": true,
            "subnet_id": "subnet-27b53d42",
            "tags": {
              "Name": "coredns-1",
              "Owner": "DNS-Class"
            },
            "tenancy": "default",
            "timeouts": null,
            "user_data": null,
            "user_data_base64": null,
            "volume_tags": {},
            "vpc_security_group_ids": [
              "sg-011d64481826350b4"
            ]
          },
          "private": "eyJlMmJmYjczMC1lY2FhLTExZTYtOGY4OC0zNDM2M2JjN2M0YzAiOnsiY3JlYXRlIjo2MDAwMDAwMDAwMDAsImRlbGV0ZSI6MTIwMDAwMDAwMDAwMCwidXBkYXRlIjo2MDAwMDAwMDAwMDB9LCJzY2hlbWFfdmVyc2lvbiI6IjEifQ==",
          "depends_on": [
            "aws_key_pair.coredns_key",
            "aws_security_group.coredns_sg",
            "data.aws_ami.ubuntu",
            "data.aws_subnet_ids.subnets",
            "tls_private_key.coredns_key"
          ]
        }
      ]
    },
    {
      "mode": "managed",
      "type": "aws_key_pair",
      "name": "coredns_key",
      "provider": "provider.aws",
      "instances": [
        {
          "schema_version": 1,
          "attributes": {
            "fingerprint": "62:68:a8:11:04:38:aa:04:9e:f8:de:1e:05:43:ee:21",
            "id": "coredns_key",
            "key_name": "coredns_key",
            "key_name_prefix": null,
            "key_pair_id": "key-02d29fb78c5820b26",
            "public_key": "ssh-rsa AAAAB3NzaC1yc2EAAAADAQABAAACAQDkyaz69UthkwQf6vG5op2N63W6hKTJ22IdwkSpOf5H3FhWQ7rPACe9WqFTwgNCggjz4EvSzmRasCWy1nhDG7uOcE+ytXX+H5Uls/mLTxcTv1Cjlitjude51LI9NKGVSQBOIz/0adFzn9LDkDMil1IeX5b2lQjNuiwYHeSwk/r/RFPdMJ6g5lzAyY+HYE4JaBQm2/8BuXtB+J0k+7KFVAOAaCSBPqLQOh/B6FO+yXh1e8p4ZmLLP4qq+fZsgRNQW+3KJ/szNQFXJZ4WG6rf4tvq7phd+EwNSEjQ0I0fPJHl9U0/RZWrqAHrVz7hC89exQIP3dfp8XbXiq2ZCBZgYRGmaEb5l+kayFrE0QrQwYmpMHMH3x0yPVDHhGXUBZ9zs+bLxF7hR5f7tUlIVZ3KNsDHfGKlesFlzrf3MXqNYMcgx3vXRxFuo7cDQRD/tzEEh1sWHirP4bK1hKgFc+oJ5Y3HbFtYPa77Tyyq4BgCQEGJoiYUCL9Rd0DgEOmFyK2Vd2MXVQiMVXK3nhz8cuflH7fgpsuAVnO9tjhh1NVO+c26Vn7GZAMmbJa8mKc2Pu+kjAvjKI0g3saFdxtO+agrORnJt/tOTZtbs3YCSCfYlW58Jx7xlUVu7yU/lGTKlreLtE/roHebsSOh/HBNW9twwcaypvmLUiAbbmDGTvR4vWzwHQ==",
            "tags": {}
          },
          "private": "eyJzY2hlbWFfdmVyc2lvbiI6IjEifQ==",
          "depends_on": [
            "tls_private_key.coredns_key"
          ]
        }
      ]
    },
    {
      "mode": "managed",
      "type": "aws_security_group",
      "name": "coredns_sg",
      "provider": "provider.aws",
      "instances": [
        {
          "schema_version": 1,
          "attributes": {
            "arn": "arn:aws:ec2:us-east-1:031034181336:security-group/sg-011d64481826350b4",
            "description": "Security group for monitoring server",
            "egress": [
              {
                "cidr_blocks": [
                  "0.0.0.0/0"
                ],
                "description": "",
                "from_port": 0,
                "ipv6_cidr_blocks": [],
                "prefix_list_ids": [],
                "protocol": "-1",
                "security_groups": [],
                "self": false,
                "to_port": 0
              }
            ],
            "id": "sg-011d64481826350b4",
            "ingress": [
              {
                "cidr_blocks": [
                  "0.0.0.0/0"
                ],
                "description": "",
                "from_port": 22,
                "ipv6_cidr_blocks": [],
                "prefix_list_ids": [],
                "protocol": "tcp",
                "security_groups": [],
                "self": false,
                "to_port": 22
              },
              {
                "cidr_blocks": [
                  "0.0.0.0/0"
                ],
                "description": "",
                "from_port": 53,
                "ipv6_cidr_blocks": [],
                "prefix_list_ids": [],
                "protocol": "tcp",
                "security_groups": [],
                "self": false,
                "to_port": 53
              },
              {
                "cidr_blocks": [
                  "0.0.0.0/0"
                ],
                "description": "",
                "from_port": 53,
                "ipv6_cidr_blocks": [],
                "prefix_list_ids": [],
                "protocol": "udp",
                "security_groups": [],
                "self": false,
                "to_port": 53
              },
              {
                "cidr_blocks": [
                  "0.0.0.0/0"
                ],
                "description": "",
                "from_port": 8080,
                "ipv6_cidr_blocks": [],
                "prefix_list_ids": [],
                "protocol": "tcp",
                "security_groups": [],
                "self": false,
                "to_port": 8080
              },
              {
                "cidr_blocks": [
                  "0.0.0.0/0"
                ],
                "description": "",
                "from_port": 8,
                "ipv6_cidr_blocks": [],
                "prefix_list_ids": [],
                "protocol": "icmp",
                "security_groups": [],
                "self": false,
                "to_port": 0
              }
            ],
            "name": "coredns_sg",
            "name_prefix": null,
            "owner_id": "031034181336",
            "revoke_rules_on_delete": false,
            "tags": {},
            "timeouts": null,
            "vpc_id": "vpc-876ddde1"
          },
          "private": "eyJlMmJmYjczMC1lY2FhLTExZTYtOGY4OC0zNDM2M2JjN2M0YzAiOnsiY3JlYXRlIjo2MDAwMDAwMDAwMDAsImRlbGV0ZSI6NjAwMDAwMDAwMDAwfSwic2NoZW1hX3ZlcnNpb24iOiIxIn0="
        }
      ]
    },
    {
      "mode": "managed",
      "type": "local_file",
      "name": "coredns_key",
      "provider": "provider.local",
      "instances": [
        {
          "schema_version": 0,
          "attributes": {
            "content": null,
            "content_base64": null,
            "directory_permission": "0777",
            "file_permission": "0777",
            "filename": "coredns_key.pem",
            "id": "4c7e93d6e73e1651b4b35be815f233caa777b73c",
            "sensitive_content": "-----BEGIN RSA PRIVATE KEY-----\nMIIJKQIBAAKCAgEA5Mms+vVLYZMEH+rxuaKdjet1uoSkydtiHcJEqTn+R9xYVkO6\nzwAnvVqhU8IDQoII8+BL0s5kWrAlstZ4Qxu7jnBPsrV1/h+VJbP5i08XE79Qo5Yr\nY7nXudSyPTShlUkATiM/9GnRc5/Sw5AzIpdSHl+W9pUIzbosGB3ksJP6/0RT3TCe\noOZcwMmPh2BOCWgUJtv/Abl7QfidJPuyhVQDgGgkgT6i0DofwehTvsl4dXvKeGZi\nyz+Kqvn2bIETUFvtyif7MzUBVyWeFhuq3+Lb6u6YXfhMDUhI0NCNHzyR5fVNP0WV\nq6gB61c+4QvPXsUCD93X6fF214qtmQgWYGERpmhG+ZfpGshaxNEK0MGJqTBzB98d\nMj1Qx4Rl1AWfc7Pmy8Re4UeX+7VJSFWdyjbAx3xipXrBZc639zF6jWDHIMd710cR\nbqO3A0EQ/7cxBIdbFh4qz+GytYSoBXPqCeWNx2xbWD2u+08squAYAkBBiaImFAi/\nUXdA4BDphcitlXdjF1UIjFVyt54c/HLn5R+34KbLgFZzvbY4YdTVTvnNulZ+xmQD\nJmyWvJinNj7vpIwL4yiNIN7GhXcbTvmoKzkZybf7Tk2bW7N2Akgn2JVufCce8ZVF\nbu8lP5Rkypa3i7RP66B3m7EjofxwTVvbcMHGsqb5i1IgG25gxk70eL1s8B0CAwEA\nAQKCAgAkOc66+eYSsB2iFChsNVRvKU4910zkbWlOvvjyNq2NoVUXa6gDqMmiENyk\nj37GpCJYwzYeTfHT7jo54/2s2pJLDnuAF310XHnYO3QS29YSmWNiU5/RLZb75LLI\nQDIpmiKDPM+emrbAcRkFQCromj81cftMVfLL6GOc+fbBAt1mV+JTjqQ/Y9ph6Ehi\nrhwNHz65nHH3SvA6VOxE89mjhNb9GQBWup07DUkEAg5okiwRpiU8BTI1bn09b1DW\ng2WUfsnbDZOX2xe4PcuXQpA+3QPnYhocHvmjzMNC1RLTVFrhp4Kwtwro4DRVmD3r\nklwmbFlUO9M5RrODk4DDT2WDozsQ6pe0Q+ZBw/jOHNwL89QLGYrlspGY/wq8STgN\nFNyOHsP2EdEiwowWCVjlqfq6BMLXSb33Bc4QofWnieCD2CIyn+325kIaFl2GQG0O\nvbasSQ7VUuc/88k5Ob6IkFoeBbIH16vqXLCAmSt9Z4f19Z3hdYfYSABgcm4DQ7Qv\np8L+fKSeoCKOyPhxu9W0lO8DMDOXX76MAhoxywGd2+glhPo/utuUDjPuSs7l5PWV\n5n7QSW6+71hhlHezUWOYiIs1PzE8KkHHFSdI/x8BbKO+clhK3B0zdzcAUJ+RpYyp\n2TBkmGmGdY0GLxUpeM+UG3NLIZdLTrBDOWl1xPfTqa1J35EhPQKCAQEA6ZcNg458\nuFea7Trs66g6Jy22X0aRuUfT6VI9FQQgUx9ZfrfIvZhSWvPTllv578aDVSjilqn1\nd9aDwjBos7DquaiWuYo3QuFeA2SFHhqg6c3dQw6s2SKB6txkfisc52yIWKJnN+T3\nyHsGBp7nQskGErwtDlm460E2lxFLMnBvdW/HOEOxj4rOMAV+IFOplPUM1nsYYijc\nVk2SRE8Qs2G0MSmcaft63k2pVsinh/fMVU4b5SvVe1b1Sfb9T5eEvltNI7Jp616J\nEzGL1mdIOiLVHpqZd9ybnExv2uD/2tJm0Zst7zCRFQhQpMGDCDG0L5BIZ6hfTmF5\ntJarMvsBLBvZOwKCAQEA+ryuF/4DxWV4pQXr+sl00bbRn6FzCITo8xDeVjsv+AD7\nEogSTi2IgajKdBpRKmnMPi/mLLe7uukDJhFidVTnR5zCrmnGzDt+EPbUeetKbx6w\n+vgln3cJtkU+dKfmQy4DHJwNWnwAFJff1bbXmi2dNPEGMHtX/YsHsoy63zJP7kku\nsM8LlPSANLLavr34m3GAReSawiItc6rxkkzsqfI8V9MOjJHb5AJBUdGol2wekQIB\noUptYyhSWeuBi5RRp4IV9v2XUQiXwOfc6EmBLrLd0K/4lSVXEgRlhIQgo2qjcnq+\nwF0UB/SF3ZC4PjcIHQUT4NeAfhc3j3c/qF9Q0JIGhwKCAQEAz6rTANp0Vw7LVYzF\nhNySlrI1KI78jtQkuZG7bCu28S81yUpq1OPOk72hplMu6NR7fgJTL875xAiaKtIO\nw3HNvDD9jwYqCvOBOVLsZc8Wr8WtqCgr0v6ysbIuRVze3X/H18TKLw8ImtuEh+5N\nezpsg8t34wIxPDVF6xgc2kLLVISDgKnt+cdVd6vqbaLzaNJTD3twOhRJjxB3sPL5\nzgBWyj5MKIzCt1Aj9Ft/VYofxtciRaOqr3SnrZI/sbrq8LEK62l6cR4ij0XFJF+9\n/rFo90RKnB0s2s+5wcW2sTvM3Rwwwi1TTneN+mtvqqFFp+OF+2HdGTnfkYVBvpkY\nebZocQKCAQEAlRwr9DythXCIxKq24Vd4z1aHZwUeYcyYtCQt9N4R8syygxzEthVB\n/smgTFdyOWTdf4YAvkstq0PzCWqBQQGS4PWKmSpyfPZMTE5doXuZsmdwHHAB/8lM\nz0Zyk/FdcEoms5biIhNoANco1/F6WkgSG2/SnHZdp3xMwZQLdbx36F9BEwit/JFC\nxRQwHgrfk6F2BRqkJhspKIZaTwTMIWzbEeeD2XjMadYlfkDOn+4+Z0HoMkEOuE88\nWhlB2v4DaThlU5MPr7MKfD/nEYTU/C6G1xovHJMuKprOvHXO6x/5v5TbZ45y4SA7\nk74Cs40KmCdy4N2HnnS0J+9kvf6hEsgkdQKCAQB2jrjwgYOhiutzXF14C6Fcb319\ntRFq1H65uNMDAiWRPO7h5kSw3zsRLUC6DSAQjSV+QuwlslUKuWvydz5cncayFKTn\nT/wTULtm87XO3pfaS18TKSNqGOdziDDPS7fQ5+/OLZzhIf+wp2hYpZS1yOkZaycp\n8rhMZGb45l7Pf0wrEmabRq8DhpPT8s3Dm4Ca7Gi2ILrjs/WmRWeQAW8AuBWRE6Sh\nU0x05fLs5z5ksQYuM85aUrlI+8yTNE1St3Arn2ggNBaEkN90YcFO2F6jNwq+gOQc\n/SJhVvzDPYC408trHs3rgVsOaVn9h8Bb56qATdvth6FM3cqlEkJebHj6t2l7\n-----END RSA PRIVATE KEY-----\n"
          },
          "private": "bnVsbA==",
          "depends_on": [
            "tls_private_key.coredns_key"
          ]
        }
      ]
    },
    {
      "mode": "managed",
      "type": "tls_private_key",
      "name": "coredns_key",
      "provider": "provider.tls",
      "instances": [
        {
          "schema_version": 0,
          "attributes": {
            "algorithm": "RSA",
            "ecdsa_curve": "P224",
            "id": "4914cb45434b8932696459050385560dd2b9c370",
            "private_key_pem": "-----BEGIN RSA PRIVATE KEY-----\nMIIJKQIBAAKCAgEA5Mms+vVLYZMEH+rxuaKdjet1uoSkydtiHcJEqTn+R9xYVkO6\nzwAnvVqhU8IDQoII8+BL0s5kWrAlstZ4Qxu7jnBPsrV1/h+VJbP5i08XE79Qo5Yr\nY7nXudSyPTShlUkATiM/9GnRc5/Sw5AzIpdSHl+W9pUIzbosGB3ksJP6/0RT3TCe\noOZcwMmPh2BOCWgUJtv/Abl7QfidJPuyhVQDgGgkgT6i0DofwehTvsl4dXvKeGZi\nyz+Kqvn2bIETUFvtyif7MzUBVyWeFhuq3+Lb6u6YXfhMDUhI0NCNHzyR5fVNP0WV\nq6gB61c+4QvPXsUCD93X6fF214qtmQgWYGERpmhG+ZfpGshaxNEK0MGJqTBzB98d\nMj1Qx4Rl1AWfc7Pmy8Re4UeX+7VJSFWdyjbAx3xipXrBZc639zF6jWDHIMd710cR\nbqO3A0EQ/7cxBIdbFh4qz+GytYSoBXPqCeWNx2xbWD2u+08squAYAkBBiaImFAi/\nUXdA4BDphcitlXdjF1UIjFVyt54c/HLn5R+34KbLgFZzvbY4YdTVTvnNulZ+xmQD\nJmyWvJinNj7vpIwL4yiNIN7GhXcbTvmoKzkZybf7Tk2bW7N2Akgn2JVufCce8ZVF\nbu8lP5Rkypa3i7RP66B3m7EjofxwTVvbcMHGsqb5i1IgG25gxk70eL1s8B0CAwEA\nAQKCAgAkOc66+eYSsB2iFChsNVRvKU4910zkbWlOvvjyNq2NoVUXa6gDqMmiENyk\nj37GpCJYwzYeTfHT7jo54/2s2pJLDnuAF310XHnYO3QS29YSmWNiU5/RLZb75LLI\nQDIpmiKDPM+emrbAcRkFQCromj81cftMVfLL6GOc+fbBAt1mV+JTjqQ/Y9ph6Ehi\nrhwNHz65nHH3SvA6VOxE89mjhNb9GQBWup07DUkEAg5okiwRpiU8BTI1bn09b1DW\ng2WUfsnbDZOX2xe4PcuXQpA+3QPnYhocHvmjzMNC1RLTVFrhp4Kwtwro4DRVmD3r\nklwmbFlUO9M5RrODk4DDT2WDozsQ6pe0Q+ZBw/jOHNwL89QLGYrlspGY/wq8STgN\nFNyOHsP2EdEiwowWCVjlqfq6BMLXSb33Bc4QofWnieCD2CIyn+325kIaFl2GQG0O\nvbasSQ7VUuc/88k5Ob6IkFoeBbIH16vqXLCAmSt9Z4f19Z3hdYfYSABgcm4DQ7Qv\np8L+fKSeoCKOyPhxu9W0lO8DMDOXX76MAhoxywGd2+glhPo/utuUDjPuSs7l5PWV\n5n7QSW6+71hhlHezUWOYiIs1PzE8KkHHFSdI/x8BbKO+clhK3B0zdzcAUJ+RpYyp\n2TBkmGmGdY0GLxUpeM+UG3NLIZdLTrBDOWl1xPfTqa1J35EhPQKCAQEA6ZcNg458\nuFea7Trs66g6Jy22X0aRuUfT6VI9FQQgUx9ZfrfIvZhSWvPTllv578aDVSjilqn1\nd9aDwjBos7DquaiWuYo3QuFeA2SFHhqg6c3dQw6s2SKB6txkfisc52yIWKJnN+T3\nyHsGBp7nQskGErwtDlm460E2lxFLMnBvdW/HOEOxj4rOMAV+IFOplPUM1nsYYijc\nVk2SRE8Qs2G0MSmcaft63k2pVsinh/fMVU4b5SvVe1b1Sfb9T5eEvltNI7Jp616J\nEzGL1mdIOiLVHpqZd9ybnExv2uD/2tJm0Zst7zCRFQhQpMGDCDG0L5BIZ6hfTmF5\ntJarMvsBLBvZOwKCAQEA+ryuF/4DxWV4pQXr+sl00bbRn6FzCITo8xDeVjsv+AD7\nEogSTi2IgajKdBpRKmnMPi/mLLe7uukDJhFidVTnR5zCrmnGzDt+EPbUeetKbx6w\n+vgln3cJtkU+dKfmQy4DHJwNWnwAFJff1bbXmi2dNPEGMHtX/YsHsoy63zJP7kku\nsM8LlPSANLLavr34m3GAReSawiItc6rxkkzsqfI8V9MOjJHb5AJBUdGol2wekQIB\noUptYyhSWeuBi5RRp4IV9v2XUQiXwOfc6EmBLrLd0K/4lSVXEgRlhIQgo2qjcnq+\nwF0UB/SF3ZC4PjcIHQUT4NeAfhc3j3c/qF9Q0JIGhwKCAQEAz6rTANp0Vw7LVYzF\nhNySlrI1KI78jtQkuZG7bCu28S81yUpq1OPOk72hplMu6NR7fgJTL875xAiaKtIO\nw3HNvDD9jwYqCvOBOVLsZc8Wr8WtqCgr0v6ysbIuRVze3X/H18TKLw8ImtuEh+5N\nezpsg8t34wIxPDVF6xgc2kLLVISDgKnt+cdVd6vqbaLzaNJTD3twOhRJjxB3sPL5\nzgBWyj5MKIzCt1Aj9Ft/VYofxtciRaOqr3SnrZI/sbrq8LEK62l6cR4ij0XFJF+9\n/rFo90RKnB0s2s+5wcW2sTvM3Rwwwi1TTneN+mtvqqFFp+OF+2HdGTnfkYVBvpkY\nebZocQKCAQEAlRwr9DythXCIxKq24Vd4z1aHZwUeYcyYtCQt9N4R8syygxzEthVB\n/smgTFdyOWTdf4YAvkstq0PzCWqBQQGS4PWKmSpyfPZMTE5doXuZsmdwHHAB/8lM\nz0Zyk/FdcEoms5biIhNoANco1/F6WkgSG2/SnHZdp3xMwZQLdbx36F9BEwit/JFC\nxRQwHgrfk6F2BRqkJhspKIZaTwTMIWzbEeeD2XjMadYlfkDOn+4+Z0HoMkEOuE88\nWhlB2v4DaThlU5MPr7MKfD/nEYTU/C6G1xovHJMuKprOvHXO6x/5v5TbZ45y4SA7\nk74Cs40KmCdy4N2HnnS0J+9kvf6hEsgkdQKCAQB2jrjwgYOhiutzXF14C6Fcb319\ntRFq1H65uNMDAiWRPO7h5kSw3zsRLUC6DSAQjSV+QuwlslUKuWvydz5cncayFKTn\nT/wTULtm87XO3pfaS18TKSNqGOdziDDPS7fQ5+/OLZzhIf+wp2hYpZS1yOkZaycp\n8rhMZGb45l7Pf0wrEmabRq8DhpPT8s3Dm4Ca7Gi2ILrjs/WmRWeQAW8AuBWRE6Sh\nU0x05fLs5z5ksQYuM85aUrlI+8yTNE1St3Arn2ggNBaEkN90YcFO2F6jNwq+gOQc\n/SJhVvzDPYC408trHs3rgVsOaVn9h8Bb56qATdvth6FM3cqlEkJebHj6t2l7\n-----END RSA PRIVATE KEY-----\n",
            "public_key_fingerprint_md5": "7f:ae:9b:e5:a1:63:ee:e4:46:39:65:1e:c2:68:57:c5",
            "public_key_openssh": "ssh-rsa AAAAB3NzaC1yc2EAAAADAQABAAACAQDkyaz69UthkwQf6vG5op2N63W6hKTJ22IdwkSpOf5H3FhWQ7rPACe9WqFTwgNCggjz4EvSzmRasCWy1nhDG7uOcE+ytXX+H5Uls/mLTxcTv1Cjlitjude51LI9NKGVSQBOIz/0adFzn9LDkDMil1IeX5b2lQjNuiwYHeSwk/r/RFPdMJ6g5lzAyY+HYE4JaBQm2/8BuXtB+J0k+7KFVAOAaCSBPqLQOh/B6FO+yXh1e8p4ZmLLP4qq+fZsgRNQW+3KJ/szNQFXJZ4WG6rf4tvq7phd+EwNSEjQ0I0fPJHl9U0/RZWrqAHrVz7hC89exQIP3dfp8XbXiq2ZCBZgYRGmaEb5l+kayFrE0QrQwYmpMHMH3x0yPVDHhGXUBZ9zs+bLxF7hR5f7tUlIVZ3KNsDHfGKlesFlzrf3MXqNYMcgx3vXRxFuo7cDQRD/tzEEh1sWHirP4bK1hKgFc+oJ5Y3HbFtYPa77Tyyq4BgCQEGJoiYUCL9Rd0DgEOmFyK2Vd2MXVQiMVXK3nhz8cuflH7fgpsuAVnO9tjhh1NVO+c26Vn7GZAMmbJa8mKc2Pu+kjAvjKI0g3saFdxtO+agrORnJt/tOTZtbs3YCSCfYlW58Jx7xlUVu7yU/lGTKlreLtE/roHebsSOh/HBNW9twwcaypvmLUiAbbmDGTvR4vWzwHQ==\n",
            "public_key_pem": "-----BEGIN PUBLIC KEY-----\nMIICIjANBgkqhkiG9w0BAQEFAAOCAg8AMIICCgKCAgEA5Mms+vVLYZMEH+rxuaKd\njet1uoSkydtiHcJEqTn+R9xYVkO6zwAnvVqhU8IDQoII8+BL0s5kWrAlstZ4Qxu7\njnBPsrV1/h+VJbP5i08XE79Qo5YrY7nXudSyPTShlUkATiM/9GnRc5/Sw5AzIpdS\nHl+W9pUIzbosGB3ksJP6/0RT3TCeoOZcwMmPh2BOCWgUJtv/Abl7QfidJPuyhVQD\ngGgkgT6i0DofwehTvsl4dXvKeGZiyz+Kqvn2bIETUFvtyif7MzUBVyWeFhuq3+Lb\n6u6YXfhMDUhI0NCNHzyR5fVNP0WVq6gB61c+4QvPXsUCD93X6fF214qtmQgWYGER\npmhG+ZfpGshaxNEK0MGJqTBzB98dMj1Qx4Rl1AWfc7Pmy8Re4UeX+7VJSFWdyjbA\nx3xipXrBZc639zF6jWDHIMd710cRbqO3A0EQ/7cxBIdbFh4qz+GytYSoBXPqCeWN\nx2xbWD2u+08squAYAkBBiaImFAi/UXdA4BDphcitlXdjF1UIjFVyt54c/HLn5R+3\n4KbLgFZzvbY4YdTVTvnNulZ+xmQDJmyWvJinNj7vpIwL4yiNIN7GhXcbTvmoKzkZ\nybf7Tk2bW7N2Akgn2JVufCce8ZVFbu8lP5Rkypa3i7RP66B3m7EjofxwTVvbcMHG\nsqb5i1IgG25gxk70eL1s8B0CAwEAAQ==\n-----END PUBLIC KEY-----\n",
            "rsa_bits": 4096
          },
          "private": "bnVsbA=="
        }
      ]
    }
  ]
}
